// !$*UTF8*$!
{
	archiveVersion = 1;
	classes = {
	};
	objectVersion = 46;
	objects = {

/* Begin PBXBuildFile section */
		30D1C675183DD41F00E71EDD /* MapGraphTests.m in Sources */ = {isa = PBXBuildFile; fileRef = 30D1C674183DD41F00E71EDD /* MapGraphTests.m */; };
		30E3740B18403EAB00996B60 /* MapViewController.m in Sources */ = {isa = PBXBuildFile; fileRef = 30E3740A18403EAB00996B60 /* MapViewController.m */; };
		30E3740D18408BCC00996B60 /* MapViewControllerTests.m in Sources */ = {isa = PBXBuildFile; fileRef = 30E3740C18408BCC00996B60 /* MapViewControllerTests.m */; };
		30E374161858464500996B60 /* PriorityQueue.m in Sources */ = {isa = PBXBuildFile; fileRef = 30E374151858464500996B60 /* PriorityQueue.m */; };
		30E50252183607E100BCDA41 /* Foundation.framework in Frameworks */ = {isa = PBXBuildFile; fileRef = 30E50251183607E100BCDA41 /* Foundation.framework */; };
		30E50254183607E100BCDA41 /* CoreGraphics.framework in Frameworks */ = {isa = PBXBuildFile; fileRef = 30E50253183607E100BCDA41 /* CoreGraphics.framework */; };
		30E50256183607E100BCDA41 /* UIKit.framework in Frameworks */ = {isa = PBXBuildFile; fileRef = 30E50255183607E100BCDA41 /* UIKit.framework */; };
		30E50258183607E100BCDA41 /* CoreData.framework in Frameworks */ = {isa = PBXBuildFile; fileRef = 30E50257183607E100BCDA41 /* CoreData.framework */; };
		30E5025E183607E100BCDA41 /* InfoPlist.strings in Resources */ = {isa = PBXBuildFile; fileRef = 30E5025C183607E100BCDA41 /* InfoPlist.strings */; };
		30E50260183607E100BCDA41 /* main.m in Sources */ = {isa = PBXBuildFile; fileRef = 30E5025F183607E100BCDA41 /* main.m */; };
		30E50264183607E100BCDA41 /* AppDelegate.m in Sources */ = {isa = PBXBuildFile; fileRef = 30E50263183607E100BCDA41 /* AppDelegate.m */; };
		30E50267183607E100BCDA41 /* Adler_Navigation.xcdatamodeld in Sources */ = {isa = PBXBuildFile; fileRef = 30E50265183607E100BCDA41 /* Adler_Navigation.xcdatamodeld */; };
		30E50269183607E100BCDA41 /* Images.xcassets in Resources */ = {isa = PBXBuildFile; fileRef = 30E50268183607E100BCDA41 /* Images.xcassets */; };
		30E50270183607E100BCDA41 /* XCTest.framework in Frameworks */ = {isa = PBXBuildFile; fileRef = 30E5026F183607E100BCDA41 /* XCTest.framework */; };
		30E50271183607E100BCDA41 /* Foundation.framework in Frameworks */ = {isa = PBXBuildFile; fileRef = 30E50251183607E100BCDA41 /* Foundation.framework */; };
		30E50272183607E100BCDA41 /* UIKit.framework in Frameworks */ = {isa = PBXBuildFile; fileRef = 30E50255183607E100BCDA41 /* UIKit.framework */; };
		30E50273183607E100BCDA41 /* CoreData.framework in Frameworks */ = {isa = PBXBuildFile; fileRef = 30E50257183607E100BCDA41 /* CoreData.framework */; };
		30E5027B183607E100BCDA41 /* InfoPlist.strings in Resources */ = {isa = PBXBuildFile; fileRef = 30E50279183607E100BCDA41 /* InfoPlist.strings */; };
		30E5027D183607E100BCDA41 /* Adler_NavigationTests.m in Sources */ = {isa = PBXBuildFile; fileRef = 30E5027C183607E100BCDA41 /* Adler_NavigationTests.m */; };
		30E502891836084000BCDA41 /* Node.m in Sources */ = {isa = PBXBuildFile; fileRef = 30E502881836084000BCDA41 /* Node.m */; };
		30E502921836222000BCDA41 /* Edge.m in Sources */ = {isa = PBXBuildFile; fileRef = 30E502911836222000BCDA41 /* Edge.m */; };
		30E502951836263100BCDA41 /* MapGraph.m in Sources */ = {isa = PBXBuildFile; fileRef = 30E502941836263100BCDA41 /* MapGraph.m */; };
		725F0C5F18D663D9003D8FD5 /* (null) in Sources */ = {isa = PBXBuildFile; };
		725F0C6118D6B485003D8FD5 /* PriorityQueueTests.m in Sources */ = {isa = PBXBuildFile; fileRef = 725F0C6018D6B485003D8FD5 /* PriorityQueueTests.m */; };
		727A228518F092ED005DF50E /* Exhibit.m in Sources */ = {isa = PBXBuildFile; fileRef = 727A228418F092ED005DF50E /* Exhibit.m */; };
		728C33AC18F3E5BC000EB12C /* ExhibitViewController.m in Sources */ = {isa = PBXBuildFile; fileRef = 728C33AB18F3E5BC000EB12C /* ExhibitViewController.m */; };
		728C33E318F3F92B000EB12C /* img0.jpg in Resources */ = {isa = PBXBuildFile; fileRef = 728C33AE18F3F92B000EB12C /* img0.jpg */; };
		728C33E418F3F92B000EB12C /* long_description.txt in Resources */ = {isa = PBXBuildFile; fileRef = 728C33AF18F3F92B000EB12C /* long_description.txt */; };
		728C33E518F3F92B000EB12C /* short_description.txt in Resources */ = {isa = PBXBuildFile; fileRef = 728C33B018F3F92B000EB12C /* short_description.txt */; };
		728C33E618F3F92B000EB12C /* img0.jpg in Resources */ = {isa = PBXBuildFile; fileRef = 728C33B218F3F92B000EB12C /* img0.jpg */; };
		728C33E718F3F92B000EB12C /* long_description.txt in Resources */ = {isa = PBXBuildFile; fileRef = 728C33B318F3F92B000EB12C /* long_description.txt */; };
		728C33E818F3F92B000EB12C /* short_description.txt in Resources */ = {isa = PBXBuildFile; fileRef = 728C33B418F3F92B000EB12C /* short_description.txt */; };
		728C33E918F3F92B000EB12C /* img0.jpg in Resources */ = {isa = PBXBuildFile; fileRef = 728C33B618F3F92B000EB12C /* img0.jpg */; };
		728C33EA18F3F92B000EB12C /* long_description.txt in Resources */ = {isa = PBXBuildFile; fileRef = 728C33B718F3F92B000EB12C /* long_description.txt */; };
		728C33EB18F3F92B000EB12C /* short_description.txt in Resources */ = {isa = PBXBuildFile; fileRef = 728C33B818F3F92B000EB12C /* short_description.txt */; };
		728C33EC18F3F92B000EB12C /* img0.jpg in Resources */ = {isa = PBXBuildFile; fileRef = 728C33BA18F3F92B000EB12C /* img0.jpg */; };
		728C33ED18F3F92B000EB12C /* long_description.txt in Resources */ = {isa = PBXBuildFile; fileRef = 728C33BB18F3F92B000EB12C /* long_description.txt */; };
		728C33EE18F3F92B000EB12C /* short_description.txt in Resources */ = {isa = PBXBuildFile; fileRef = 728C33BC18F3F92B000EB12C /* short_description.txt */; };
		728C33EF18F3F92B000EB12C /* img0.png in Resources */ = {isa = PBXBuildFile; fileRef = 728C33BE18F3F92B000EB12C /* img0.png */; };
		728C33F018F3F92B000EB12C /* long_description.txt in Resources */ = {isa = PBXBuildFile; fileRef = 728C33BF18F3F92B000EB12C /* long_description.txt */; };
		728C33F118F3F92B000EB12C /* short_description.txt in Resources */ = {isa = PBXBuildFile; fileRef = 728C33C018F3F92B000EB12C /* short_description.txt */; };
		728C33F218F3F92B000EB12C /* img0.png in Resources */ = {isa = PBXBuildFile; fileRef = 728C33C218F3F92B000EB12C /* img0.png */; };
		728C33F318F3F92B000EB12C /* img1.jpg in Resources */ = {isa = PBXBuildFile; fileRef = 728C33C318F3F92B000EB12C /* img1.jpg */; };
		728C33F418F3F92B000EB12C /* img2.jpg in Resources */ = {isa = PBXBuildFile; fileRef = 728C33C418F3F92B000EB12C /* img2.jpg */; };
		728C33F518F3F92B000EB12C /* img3.jpg in Resources */ = {isa = PBXBuildFile; fileRef = 728C33C518F3F92B000EB12C /* img3.jpg */; };
		728C33F618F3F92B000EB12C /* img4.jpg in Resources */ = {isa = PBXBuildFile; fileRef = 728C33C618F3F92B000EB12C /* img4.jpg */; };
		728C33F718F3F92B000EB12C /* img5.jpg in Resources */ = {isa = PBXBuildFile; fileRef = 728C33C718F3F92B000EB12C /* img5.jpg */; };
		728C33F818F3F92B000EB12C /* img6.jpg in Resources */ = {isa = PBXBuildFile; fileRef = 728C33C818F3F92B000EB12C /* img6.jpg */; };
		728C33F918F3F92B000EB12C /* long_description.txt in Resources */ = {isa = PBXBuildFile; fileRef = 728C33C918F3F92B000EB12C /* long_description.txt */; };
		728C33FA18F3F92B000EB12C /* short_description.txt in Resources */ = {isa = PBXBuildFile; fileRef = 728C33CA18F3F92B000EB12C /* short_description.txt */; };
		728C33FB18F3F92B000EB12C /* img0.png in Resources */ = {isa = PBXBuildFile; fileRef = 728C33CC18F3F92B000EB12C /* img0.png */; };
		728C33FC18F3F92B000EB12C /* long_description.txt in Resources */ = {isa = PBXBuildFile; fileRef = 728C33CD18F3F92B000EB12C /* long_description.txt */; };
		728C33FD18F3F92B000EB12C /* short_description.txt in Resources */ = {isa = PBXBuildFile; fileRef = 728C33CE18F3F92B000EB12C /* short_description.txt */; };
		728C33FE18F3F92B000EB12C /* img0.png in Resources */ = {isa = PBXBuildFile; fileRef = 728C33D018F3F92B000EB12C /* img0.png */; };
		728C33FF18F3F92B000EB12C /* long_description.txt in Resources */ = {isa = PBXBuildFile; fileRef = 728C33D118F3F92B000EB12C /* long_description.txt */; };
		728C340018F3F92B000EB12C /* short_description.txt in Resources */ = {isa = PBXBuildFile; fileRef = 728C33D218F3F92B000EB12C /* short_description.txt */; };
		728C340118F3F92B000EB12C /* img0.jpg in Resources */ = {isa = PBXBuildFile; fileRef = 728C33D418F3F92B000EB12C /* img0.jpg */; };
		728C340218F3F92B000EB12C /* img1.jpg in Resources */ = {isa = PBXBuildFile; fileRef = 728C33D518F3F92B000EB12C /* img1.jpg */; };
		728C340318F3F92B000EB12C /* img2.jpg in Resources */ = {isa = PBXBuildFile; fileRef = 728C33D618F3F92B000EB12C /* img2.jpg */; };
		728C340418F3F92B000EB12C /* img3.jpg in Resources */ = {isa = PBXBuildFile; fileRef = 728C33D718F3F92B000EB12C /* img3.jpg */; };
		728C340518F3F92B000EB12C /* img4.jpg in Resources */ = {isa = PBXBuildFile; fileRef = 728C33D818F3F92B000EB12C /* img4.jpg */; };
		728C340618F3F92B000EB12C /* long_description.txt in Resources */ = {isa = PBXBuildFile; fileRef = 728C33D918F3F92B000EB12C /* long_description.txt */; };
		728C340718F3F92B000EB12C /* short_description.txt in Resources */ = {isa = PBXBuildFile; fileRef = 728C33DA18F3F92B000EB12C /* short_description.txt */; };
		728C340818F3F92B000EB12C /* img0.png in Resources */ = {isa = PBXBuildFile; fileRef = 728C33DC18F3F92B000EB12C /* img0.png */; };
		728C340918F3F92B000EB12C /* long_description.txt in Resources */ = {isa = PBXBuildFile; fileRef = 728C33DD18F3F92B000EB12C /* long_description.txt */; };
		728C340A18F3F92B000EB12C /* short_description.txt in Resources */ = {isa = PBXBuildFile; fileRef = 728C33DE18F3F92B000EB12C /* short_description.txt */; };
		728C340B18F3F92B000EB12C /* img0.png in Resources */ = {isa = PBXBuildFile; fileRef = 728C33E018F3F92B000EB12C /* img0.png */; };
		728C340C18F3F92B000EB12C /* long_description.txt in Resources */ = {isa = PBXBuildFile; fileRef = 728C33E118F3F92B000EB12C /* long_description.txt */; };
		728C340D18F3F92B000EB12C /* short_description.txt in Resources */ = {isa = PBXBuildFile; fileRef = 728C33E218F3F92B000EB12C /* short_description.txt */; };
		728C342018F3F942000EB12C /* lower_new.plist in Resources */ = {isa = PBXBuildFile; fileRef = 728C340E18F3F942000EB12C /* lower_new.plist */; };
		728C342118F3F942000EB12C /* lower_paths.pdf in Resources */ = {isa = PBXBuildFile; fileRef = 728C340F18F3F942000EB12C /* lower_paths.pdf */; };
		728C342218F3F942000EB12C /* lower.pdf in Resources */ = {isa = PBXBuildFile; fileRef = 728C341018F3F942000EB12C /* lower.pdf */; };
		728C342318F3F942000EB12C /* lower.plist in Resources */ = {isa = PBXBuildFile; fileRef = 728C341118F3F942000EB12C /* lower.plist */; };
		728C342418F3F942000EB12C /* map_data_all.plist in Resources */ = {isa = PBXBuildFile; fileRef = 728C341218F3F942000EB12C /* map_data_all.plist */; };
		728C342518F3F942000EB12C /* mid_new.plist in Resources */ = {isa = PBXBuildFile; fileRef = 728C341318F3F942000EB12C /* mid_new.plist */; };
		728C342618F3F942000EB12C /* mid_paths.pdf in Resources */ = {isa = PBXBuildFile; fileRef = 728C341418F3F942000EB12C /* mid_paths.pdf */; };
		728C342718F3F942000EB12C /* mid.pdf in Resources */ = {isa = PBXBuildFile; fileRef = 728C341518F3F942000EB12C /* mid.pdf */; };
		728C342818F3F942000EB12C /* mid.plist in Resources */ = {isa = PBXBuildFile; fileRef = 728C341618F3F942000EB12C /* mid.plist */; };
		728C342918F3F942000EB12C /* star_new.plist in Resources */ = {isa = PBXBuildFile; fileRef = 728C341718F3F942000EB12C /* star_new.plist */; };
		728C342A18F3F942000EB12C /* star_paths.pdf in Resources */ = {isa = PBXBuildFile; fileRef = 728C341818F3F942000EB12C /* star_paths.pdf */; };
		728C342B18F3F942000EB12C /* star.pdf in Resources */ = {isa = PBXBuildFile; fileRef = 728C341918F3F942000EB12C /* star.pdf */; };
		728C342C18F3F942000EB12C /* star.plist in Resources */ = {isa = PBXBuildFile; fileRef = 728C341A18F3F942000EB12C /* star.plist */; };
		728C342D18F3F942000EB12C /* top_new.plist in Resources */ = {isa = PBXBuildFile; fileRef = 728C341B18F3F942000EB12C /* top_new.plist */; };
		728C342E18F3F942000EB12C /* top_paths.pdf in Resources */ = {isa = PBXBuildFile; fileRef = 728C341C18F3F942000EB12C /* top_paths.pdf */; };
		728C342F18F3F942000EB12C /* top.pdf in Resources */ = {isa = PBXBuildFile; fileRef = 728C341D18F3F942000EB12C /* top.pdf */; };
		728C343018F3F942000EB12C /* top.plist in Resources */ = {isa = PBXBuildFile; fileRef = 728C341E18F3F942000EB12C /* top.plist */; };
		728C343118F3F942000EB12C /* top.png in Resources */ = {isa = PBXBuildFile; fileRef = 728C341F18F3F942000EB12C /* top.png */; };
		B6D85FAF184FC4B9002B33BF /* Main.storyboard in Resources */ = {isa = PBXBuildFile; fileRef = B6D85FAE184FC4B9002B33BF /* Main.storyboard */; };
		FE5C87E918D63449009E2CC2 /* TableViewController.m in Sources */ = {isa = PBXBuildFile; fileRef = FE5C87E618D63449009E2CC2 /* TableViewController.m */; };
		FE5C87F718D634C3009E2CC2 /* EachFloorViewController.m in Sources */ = {isa = PBXBuildFile; fileRef = FE5C87EA18D634C3009E2CC2 /* EachFloorViewController.m */; };
		FE5C87F818D634C3009E2CC2 /* FloorViewController.m in Sources */ = {isa = PBXBuildFile; fileRef = FE5C87EB18D634C3009E2CC2 /* FloorViewController.m */; };
		FE5C87F918D634C3009E2CC2 /* FacilitiesViewController.m in Sources */ = {isa = PBXBuildFile; fileRef = FE5C87ED18D634C3009E2CC2 /* FacilitiesViewController.m */; };
		FE5C87FA18D634C3009E2CC2 /* EachMapViewController.m in Sources */ = {isa = PBXBuildFile; fileRef = FE5C87EF18D634C3009E2CC2 /* EachMapViewController.m */; };
		FE5C87FC18D634C3009E2CC2 /* MapFloorViewController.m in Sources */ = {isa = PBXBuildFile; fileRef = FE5C87F218D634C3009E2CC2 /* MapFloorViewController.m */; };
		FE5C87FD18D634C3009E2CC2 /* HomeViewController.m in Sources */ = {isa = PBXBuildFile; fileRef = FE5C87F418D634C3009E2CC2 /* HomeViewController.m */; };
		FE5C87FE18D634C3009E2CC2 /* Home.jpg in Resources */ = {isa = PBXBuildFile; fileRef = FE5C87F618D634C3009E2CC2 /* Home.jpg */; };
		FE5C880118D64072009E2CC2 /* NavigateTableViewController.m in Sources */ = {isa = PBXBuildFile; fileRef = FE5C880018D64072009E2CC2 /* NavigateTableViewController.m */; };
/* End PBXBuildFile section */

/* Begin PBXContainerItemProxy section */
		30E50274183607E100BCDA41 /* PBXContainerItemProxy */ = {
			isa = PBXContainerItemProxy;
			containerPortal = 30E50246183607E100BCDA41 /* Project object */;
			proxyType = 1;
			remoteGlobalIDString = 30E5024D183607E100BCDA41;
			remoteInfo = "Adler Navigation";
		};
/* End PBXContainerItemProxy section */

/* Begin PBXFileReference section */
		30D1C674183DD41F00E71EDD /* MapGraphTests.m */ = {isa = PBXFileReference; fileEncoding = 4; lastKnownFileType = sourcecode.c.objc; path = MapGraphTests.m; sourceTree = "<group>"; };
		30E3740918403EAB00996B60 /* MapViewController.h */ = {isa = PBXFileReference; fileEncoding = 4; lastKnownFileType = sourcecode.c.h; path = MapViewController.h; sourceTree = "<group>"; };
		30E3740A18403EAB00996B60 /* MapViewController.m */ = {isa = PBXFileReference; fileEncoding = 4; lastKnownFileType = sourcecode.c.objc; path = MapViewController.m; sourceTree = "<group>"; };
		30E3740C18408BCC00996B60 /* MapViewControllerTests.m */ = {isa = PBXFileReference; fileEncoding = 4; lastKnownFileType = sourcecode.c.objc; path = MapViewControllerTests.m; sourceTree = "<group>"; };
		30E374141858464500996B60 /* PriorityQueue.h */ = {isa = PBXFileReference; fileEncoding = 4; lastKnownFileType = sourcecode.c.h; path = PriorityQueue.h; sourceTree = "<group>"; };
		30E374151858464500996B60 /* PriorityQueue.m */ = {isa = PBXFileReference; fileEncoding = 4; lastKnownFileType = sourcecode.c.objc; path = PriorityQueue.m; sourceTree = "<group>"; };
		30E5024E183607E100BCDA41 /* Adler Navigation.app */ = {isa = PBXFileReference; explicitFileType = wrapper.application; includeInIndex = 0; path = "Adler Navigation.app"; sourceTree = BUILT_PRODUCTS_DIR; };
		30E50251183607E100BCDA41 /* Foundation.framework */ = {isa = PBXFileReference; lastKnownFileType = wrapper.framework; name = Foundation.framework; path = System/Library/Frameworks/Foundation.framework; sourceTree = SDKROOT; };
		30E50253183607E100BCDA41 /* CoreGraphics.framework */ = {isa = PBXFileReference; lastKnownFileType = wrapper.framework; name = CoreGraphics.framework; path = System/Library/Frameworks/CoreGraphics.framework; sourceTree = SDKROOT; };
		30E50255183607E100BCDA41 /* UIKit.framework */ = {isa = PBXFileReference; lastKnownFileType = wrapper.framework; name = UIKit.framework; path = System/Library/Frameworks/UIKit.framework; sourceTree = SDKROOT; };
		30E50257183607E100BCDA41 /* CoreData.framework */ = {isa = PBXFileReference; lastKnownFileType = wrapper.framework; name = CoreData.framework; path = System/Library/Frameworks/CoreData.framework; sourceTree = SDKROOT; };
		30E5025B183607E100BCDA41 /* Adler Navigation-Info.plist */ = {isa = PBXFileReference; lastKnownFileType = text.plist.xml; path = "Adler Navigation-Info.plist"; sourceTree = "<group>"; };
		30E5025D183607E100BCDA41 /* en */ = {isa = PBXFileReference; lastKnownFileType = text.plist.strings; name = en; path = en.lproj/InfoPlist.strings; sourceTree = "<group>"; };
		30E5025F183607E100BCDA41 /* main.m */ = {isa = PBXFileReference; lastKnownFileType = sourcecode.c.objc; path = main.m; sourceTree = "<group>"; };
		30E50261183607E100BCDA41 /* Adler Navigation-Prefix.pch */ = {isa = PBXFileReference; lastKnownFileType = sourcecode.c.h; path = "Adler Navigation-Prefix.pch"; sourceTree = "<group>"; };
		30E50262183607E100BCDA41 /* AppDelegate.h */ = {isa = PBXFileReference; lastKnownFileType = sourcecode.c.h; path = AppDelegate.h; sourceTree = "<group>"; };
		30E50263183607E100BCDA41 /* AppDelegate.m */ = {isa = PBXFileReference; lastKnownFileType = sourcecode.c.objc; path = AppDelegate.m; sourceTree = "<group>"; };
		30E50266183607E100BCDA41 /* Adler_Navigation.xcdatamodel */ = {isa = PBXFileReference; lastKnownFileType = wrapper.xcdatamodel; path = Adler_Navigation.xcdatamodel; sourceTree = "<group>"; };
		30E50268183607E100BCDA41 /* Images.xcassets */ = {isa = PBXFileReference; lastKnownFileType = folder.assetcatalog; path = Images.xcassets; sourceTree = "<group>"; };
		30E5026E183607E100BCDA41 /* Adler NavigationTests.xctest */ = {isa = PBXFileReference; explicitFileType = wrapper.cfbundle; includeInIndex = 0; path = "Adler NavigationTests.xctest"; sourceTree = BUILT_PRODUCTS_DIR; };
		30E5026F183607E100BCDA41 /* XCTest.framework */ = {isa = PBXFileReference; lastKnownFileType = wrapper.framework; name = XCTest.framework; path = Library/Frameworks/XCTest.framework; sourceTree = DEVELOPER_DIR; };
		30E50278183607E100BCDA41 /* Adler NavigationTests-Info.plist */ = {isa = PBXFileReference; lastKnownFileType = text.plist.xml; path = "Adler NavigationTests-Info.plist"; sourceTree = "<group>"; };
		30E5027A183607E100BCDA41 /* en */ = {isa = PBXFileReference; lastKnownFileType = text.plist.strings; name = en; path = en.lproj/InfoPlist.strings; sourceTree = "<group>"; };
		30E5027C183607E100BCDA41 /* Adler_NavigationTests.m */ = {isa = PBXFileReference; lastKnownFileType = sourcecode.c.objc; path = Adler_NavigationTests.m; sourceTree = "<group>"; };
		30E502871836084000BCDA41 /* Node.h */ = {isa = PBXFileReference; fileEncoding = 4; lastKnownFileType = sourcecode.c.h; name = Node.h; path = Model/Node.h; sourceTree = "<group>"; };
		30E502881836084000BCDA41 /* Node.m */ = {isa = PBXFileReference; fileEncoding = 4; lastKnownFileType = sourcecode.c.objc; name = Node.m; path = Model/Node.m; sourceTree = "<group>"; };
		30E502901836222000BCDA41 /* Edge.h */ = {isa = PBXFileReference; fileEncoding = 4; lastKnownFileType = sourcecode.c.h; name = Edge.h; path = Model/Edge.h; sourceTree = "<group>"; };
		30E502911836222000BCDA41 /* Edge.m */ = {isa = PBXFileReference; fileEncoding = 4; lastKnownFileType = sourcecode.c.objc; name = Edge.m; path = Model/Edge.m; sourceTree = "<group>"; };
		30E502931836263100BCDA41 /* MapGraph.h */ = {isa = PBXFileReference; fileEncoding = 4; lastKnownFileType = sourcecode.c.h; name = MapGraph.h; path = Model/MapGraph.h; sourceTree = "<group>"; };
		30E502941836263100BCDA41 /* MapGraph.m */ = {isa = PBXFileReference; fileEncoding = 4; lastKnownFileType = sourcecode.c.objc; name = MapGraph.m; path = Model/MapGraph.m; sourceTree = "<group>"; };
		725F0C6018D6B485003D8FD5 /* PriorityQueueTests.m */ = {isa = PBXFileReference; fileEncoding = 4; lastKnownFileType = sourcecode.c.objc; path = PriorityQueueTests.m; sourceTree = "<group>"; };
		727A228318F092ED005DF50E /* Exhibit.h */ = {isa = PBXFileReference; fileEncoding = 4; lastKnownFileType = sourcecode.c.h; name = Exhibit.h; path = Model/Exhibit.h; sourceTree = "<group>"; };
		727A228418F092ED005DF50E /* Exhibit.m */ = {isa = PBXFileReference; fileEncoding = 4; lastKnownFileType = sourcecode.c.objc; name = Exhibit.m; path = Model/Exhibit.m; sourceTree = "<group>"; };
		728C33AA18F3E5BC000EB12C /* ExhibitViewController.h */ = {isa = PBXFileReference; fileEncoding = 4; lastKnownFileType = sourcecode.c.h; path = ExhibitViewController.h; sourceTree = "<group>"; };
		728C33AB18F3E5BC000EB12C /* ExhibitViewController.m */ = {isa = PBXFileReference; fileEncoding = 4; lastKnownFileType = sourcecode.c.objc; path = ExhibitViewController.m; sourceTree = "<group>"; };
		728C33AE18F3F92B000EB12C /* img0.jpg */ = {isa = PBXFileReference; lastKnownFileType = image.jpeg; path = img0.jpg; sourceTree = "<group>"; };
		728C33AF18F3F92B000EB12C /* long_description.txt */ = {isa = PBXFileReference; fileEncoding = 4; lastKnownFileType = text; path = long_description.txt; sourceTree = "<group>"; };
		728C33B018F3F92B000EB12C /* short_description.txt */ = {isa = PBXFileReference; fileEncoding = 4; lastKnownFileType = text; path = short_description.txt; sourceTree = "<group>"; };
		728C33B218F3F92B000EB12C /* img0.jpg */ = {isa = PBXFileReference; lastKnownFileType = image.jpeg; path = img0.jpg; sourceTree = "<group>"; };
		728C33B318F3F92B000EB12C /* long_description.txt */ = {isa = PBXFileReference; fileEncoding = 4; lastKnownFileType = text; path = long_description.txt; sourceTree = "<group>"; };
		728C33B418F3F92B000EB12C /* short_description.txt */ = {isa = PBXFileReference; fileEncoding = 4; lastKnownFileType = text; path = short_description.txt; sourceTree = "<group>"; };
		728C33B618F3F92B000EB12C /* img0.jpg */ = {isa = PBXFileReference; lastKnownFileType = image.jpeg; path = img0.jpg; sourceTree = "<group>"; };
		728C33B718F3F92B000EB12C /* long_description.txt */ = {isa = PBXFileReference; fileEncoding = 4; lastKnownFileType = text; path = long_description.txt; sourceTree = "<group>"; };
		728C33B818F3F92B000EB12C /* short_description.txt */ = {isa = PBXFileReference; fileEncoding = 4; lastKnownFileType = text; path = short_description.txt; sourceTree = "<group>"; };
		728C33BA18F3F92B000EB12C /* img0.jpg */ = {isa = PBXFileReference; lastKnownFileType = image.jpeg; path = img0.jpg; sourceTree = "<group>"; };
		728C33BB18F3F92B000EB12C /* long_description.txt */ = {isa = PBXFileReference; fileEncoding = 4; lastKnownFileType = text; path = long_description.txt; sourceTree = "<group>"; };
		728C33BC18F3F92B000EB12C /* short_description.txt */ = {isa = PBXFileReference; fileEncoding = 4; lastKnownFileType = text; path = short_description.txt; sourceTree = "<group>"; };
		728C33BE18F3F92B000EB12C /* img0.png */ = {isa = PBXFileReference; lastKnownFileType = image.png; path = img0.png; sourceTree = "<group>"; };
		728C33BF18F3F92B000EB12C /* long_description.txt */ = {isa = PBXFileReference; fileEncoding = 4; lastKnownFileType = text; path = long_description.txt; sourceTree = "<group>"; };
		728C33C018F3F92B000EB12C /* short_description.txt */ = {isa = PBXFileReference; fileEncoding = 4; lastKnownFileType = text; path = short_description.txt; sourceTree = "<group>"; };
		728C33C218F3F92B000EB12C /* img0.png */ = {isa = PBXFileReference; lastKnownFileType = image.png; path = img0.png; sourceTree = "<group>"; };
		728C33C318F3F92B000EB12C /* img1.jpg */ = {isa = PBXFileReference; lastKnownFileType = image.jpeg; path = img1.jpg; sourceTree = "<group>"; };
		728C33C418F3F92B000EB12C /* img2.jpg */ = {isa = PBXFileReference; lastKnownFileType = image.jpeg; path = img2.jpg; sourceTree = "<group>"; };
		728C33C518F3F92B000EB12C /* img3.jpg */ = {isa = PBXFileReference; lastKnownFileType = image.jpeg; path = img3.jpg; sourceTree = "<group>"; };
		728C33C618F3F92B000EB12C /* img4.jpg */ = {isa = PBXFileReference; lastKnownFileType = image.jpeg; path = img4.jpg; sourceTree = "<group>"; };
		728C33C718F3F92B000EB12C /* img5.jpg */ = {isa = PBXFileReference; lastKnownFileType = image.jpeg; path = img5.jpg; sourceTree = "<group>"; };
		728C33C818F3F92B000EB12C /* img6.jpg */ = {isa = PBXFileReference; lastKnownFileType = image.jpeg; path = img6.jpg; sourceTree = "<group>"; };
		728C33C918F3F92B000EB12C /* long_description.txt */ = {isa = PBXFileReference; fileEncoding = 4; lastKnownFileType = text; path = long_description.txt; sourceTree = "<group>"; };
		728C33CA18F3F92B000EB12C /* short_description.txt */ = {isa = PBXFileReference; fileEncoding = 4; lastKnownFileType = text; path = short_description.txt; sourceTree = "<group>"; };
		728C33CC18F3F92B000EB12C /* img0.png */ = {isa = PBXFileReference; lastKnownFileType = image.png; path = img0.png; sourceTree = "<group>"; };
		728C33CD18F3F92B000EB12C /* long_description.txt */ = {isa = PBXFileReference; fileEncoding = 4; lastKnownFileType = text; path = long_description.txt; sourceTree = "<group>"; };
		728C33CE18F3F92B000EB12C /* short_description.txt */ = {isa = PBXFileReference; fileEncoding = 4; lastKnownFileType = text; path = short_description.txt; sourceTree = "<group>"; };
		728C33D018F3F92B000EB12C /* img0.png */ = {isa = PBXFileReference; lastKnownFileType = image.png; path = img0.png; sourceTree = "<group>"; };
		728C33D118F3F92B000EB12C /* long_description.txt */ = {isa = PBXFileReference; fileEncoding = 4; lastKnownFileType = text; path = long_description.txt; sourceTree = "<group>"; };
		728C33D218F3F92B000EB12C /* short_description.txt */ = {isa = PBXFileReference; fileEncoding = 4; lastKnownFileType = text; path = short_description.txt; sourceTree = "<group>"; };
		728C33D418F3F92B000EB12C /* img0.jpg */ = {isa = PBXFileReference; lastKnownFileType = image.jpeg; path = img0.jpg; sourceTree = "<group>"; };
		728C33D518F3F92B000EB12C /* img1.jpg */ = {isa = PBXFileReference; lastKnownFileType = image.jpeg; path = img1.jpg; sourceTree = "<group>"; };
		728C33D618F3F92B000EB12C /* img2.jpg */ = {isa = PBXFileReference; lastKnownFileType = image.jpeg; path = img2.jpg; sourceTree = "<group>"; };
		728C33D718F3F92B000EB12C /* img3.jpg */ = {isa = PBXFileReference; lastKnownFileType = image.jpeg; path = img3.jpg; sourceTree = "<group>"; };
		728C33D818F3F92B000EB12C /* img4.jpg */ = {isa = PBXFileReference; lastKnownFileType = image.jpeg; path = img4.jpg; sourceTree = "<group>"; };
		728C33D918F3F92B000EB12C /* long_description.txt */ = {isa = PBXFileReference; fileEncoding = 4; lastKnownFileType = text; path = long_description.txt; sourceTree = "<group>"; };
		728C33DA18F3F92B000EB12C /* short_description.txt */ = {isa = PBXFileReference; fileEncoding = 4; lastKnownFileType = text; path = short_description.txt; sourceTree = "<group>"; };
		728C33DC18F3F92B000EB12C /* img0.png */ = {isa = PBXFileReference; lastKnownFileType = image.png; path = img0.png; sourceTree = "<group>"; };
		728C33DD18F3F92B000EB12C /* long_description.txt */ = {isa = PBXFileReference; fileEncoding = 4; lastKnownFileType = text; path = long_description.txt; sourceTree = "<group>"; };
		728C33DE18F3F92B000EB12C /* short_description.txt */ = {isa = PBXFileReference; fileEncoding = 4; lastKnownFileType = text; path = short_description.txt; sourceTree = "<group>"; };
		728C33E018F3F92B000EB12C /* img0.png */ = {isa = PBXFileReference; lastKnownFileType = image.png; path = img0.png; sourceTree = "<group>"; };
		728C33E118F3F92B000EB12C /* long_description.txt */ = {isa = PBXFileReference; fileEncoding = 4; lastKnownFileType = text; path = long_description.txt; sourceTree = "<group>"; };
		728C33E218F3F92B000EB12C /* short_description.txt */ = {isa = PBXFileReference; fileEncoding = 4; lastKnownFileType = text; path = short_description.txt; sourceTree = "<group>"; };
		728C340E18F3F942000EB12C /* lower_new.plist */ = {isa = PBXFileReference; fileEncoding = 4; lastKnownFileType = text.plist.xml; name = lower_new.plist; path = Map_Data/lower_new.plist; sourceTree = "<group>"; };
		728C340F18F3F942000EB12C /* lower_paths.pdf */ = {isa = PBXFileReference; lastKnownFileType = image.pdf; name = lower_paths.pdf; path = Map_Data/lower_paths.pdf; sourceTree = "<group>"; };
		728C341018F3F942000EB12C /* lower.pdf */ = {isa = PBXFileReference; lastKnownFileType = image.pdf; name = lower.pdf; path = Map_Data/lower.pdf; sourceTree = "<group>"; };
		728C341118F3F942000EB12C /* lower.plist */ = {isa = PBXFileReference; fileEncoding = 4; lastKnownFileType = text.plist.xml; name = lower.plist; path = Map_Data/lower.plist; sourceTree = "<group>"; };
		728C341218F3F942000EB12C /* map_data_all.plist */ = {isa = PBXFileReference; fileEncoding = 4; lastKnownFileType = text.plist.xml; name = map_data_all.plist; path = Map_Data/map_data_all.plist; sourceTree = "<group>"; };
		728C341318F3F942000EB12C /* mid_new.plist */ = {isa = PBXFileReference; fileEncoding = 4; lastKnownFileType = text.plist.xml; name = mid_new.plist; path = Map_Data/mid_new.plist; sourceTree = "<group>"; };
		728C341418F3F942000EB12C /* mid_paths.pdf */ = {isa = PBXFileReference; lastKnownFileType = image.pdf; name = mid_paths.pdf; path = Map_Data/mid_paths.pdf; sourceTree = "<group>"; };
		728C341518F3F942000EB12C /* mid.pdf */ = {isa = PBXFileReference; lastKnownFileType = image.pdf; name = mid.pdf; path = Map_Data/mid.pdf; sourceTree = "<group>"; };
		728C341618F3F942000EB12C /* mid.plist */ = {isa = PBXFileReference; fileEncoding = 4; lastKnownFileType = text.plist.xml; name = mid.plist; path = Map_Data/mid.plist; sourceTree = "<group>"; };
		728C341718F3F942000EB12C /* star_new.plist */ = {isa = PBXFileReference; fileEncoding = 4; lastKnownFileType = text.plist.xml; name = star_new.plist; path = Map_Data/star_new.plist; sourceTree = "<group>"; };
		728C341818F3F942000EB12C /* star_paths.pdf */ = {isa = PBXFileReference; lastKnownFileType = image.pdf; name = star_paths.pdf; path = Map_Data/star_paths.pdf; sourceTree = "<group>"; };
		728C341918F3F942000EB12C /* star.pdf */ = {isa = PBXFileReference; lastKnownFileType = image.pdf; name = star.pdf; path = Map_Data/star.pdf; sourceTree = "<group>"; };
		728C341A18F3F942000EB12C /* star.plist */ = {isa = PBXFileReference; fileEncoding = 4; lastKnownFileType = text.plist.xml; name = star.plist; path = Map_Data/star.plist; sourceTree = "<group>"; };
		728C341B18F3F942000EB12C /* top_new.plist */ = {isa = PBXFileReference; fileEncoding = 4; lastKnownFileType = text.plist.xml; name = top_new.plist; path = Map_Data/top_new.plist; sourceTree = "<group>"; };
		728C341C18F3F942000EB12C /* top_paths.pdf */ = {isa = PBXFileReference; lastKnownFileType = image.pdf; name = top_paths.pdf; path = Map_Data/top_paths.pdf; sourceTree = "<group>"; };
		728C341D18F3F942000EB12C /* top.pdf */ = {isa = PBXFileReference; lastKnownFileType = image.pdf; name = top.pdf; path = Map_Data/top.pdf; sourceTree = "<group>"; };
		728C341E18F3F942000EB12C /* top.plist */ = {isa = PBXFileReference; fileEncoding = 4; lastKnownFileType = text.plist.xml; name = top.plist; path = Map_Data/top.plist; sourceTree = "<group>"; };
		728C341F18F3F942000EB12C /* top.png */ = {isa = PBXFileReference; lastKnownFileType = image.png; name = top.png; path = Map_Data/top.png; sourceTree = "<group>"; };
		728FD49F18D0F66D0073C43F /* comparable.h */ = {isa = PBXFileReference; lastKnownFileType = sourcecode.c.h; path = comparable.h; sourceTree = "<group>"; };
		B6D85FAE184FC4B9002B33BF /* Main.storyboard */ = {isa = PBXFileReference; fileEncoding = 4; lastKnownFileType = file.storyboard; path = Main.storyboard; sourceTree = "<group>"; };
		FE5C87E618D63449009E2CC2 /* TableViewController.m */ = {isa = PBXFileReference; fileEncoding = 4; lastKnownFileType = sourcecode.c.objc; path = TableViewController.m; sourceTree = "<group>"; };
		FE5C87E718D63449009E2CC2 /* EachFloorViewController.h */ = {isa = PBXFileReference; fileEncoding = 4; lastKnownFileType = sourcecode.c.h; path = EachFloorViewController.h; sourceTree = "<group>"; };
		FE5C87E818D63449009E2CC2 /* TableViewController.h */ = {isa = PBXFileReference; fileEncoding = 4; lastKnownFileType = sourcecode.c.h; path = TableViewController.h; sourceTree = "<group>"; };
		FE5C87EA18D634C3009E2CC2 /* EachFloorViewController.m */ = {isa = PBXFileReference; fileEncoding = 4; lastKnownFileType = sourcecode.c.objc; path = EachFloorViewController.m; sourceTree = "<group>"; };
		FE5C87EB18D634C3009E2CC2 /* FloorViewController.m */ = {isa = PBXFileReference; fileEncoding = 4; lastKnownFileType = sourcecode.c.objc; path = FloorViewController.m; sourceTree = "<group>"; };
		FE5C87EC18D634C3009E2CC2 /* FloorViewController.h */ = {isa = PBXFileReference; fileEncoding = 4; lastKnownFileType = sourcecode.c.h; path = FloorViewController.h; sourceTree = "<group>"; };
		FE5C87ED18D634C3009E2CC2 /* FacilitiesViewController.m */ = {isa = PBXFileReference; fileEncoding = 4; lastKnownFileType = sourcecode.c.objc; path = FacilitiesViewController.m; sourceTree = "<group>"; };
		FE5C87EE18D634C3009E2CC2 /* FacilitiesViewController.h */ = {isa = PBXFileReference; fileEncoding = 4; lastKnownFileType = sourcecode.c.h; path = FacilitiesViewController.h; sourceTree = "<group>"; };
		FE5C87EF18D634C3009E2CC2 /* EachMapViewController.m */ = {isa = PBXFileReference; fileEncoding = 4; lastKnownFileType = sourcecode.c.objc; path = EachMapViewController.m; sourceTree = "<group>"; };
		FE5C87F118D634C3009E2CC2 /* EachMapViewController.h */ = {isa = PBXFileReference; fileEncoding = 4; lastKnownFileType = sourcecode.c.h; path = EachMapViewController.h; sourceTree = "<group>"; };
		FE5C87F218D634C3009E2CC2 /* MapFloorViewController.m */ = {isa = PBXFileReference; fileEncoding = 4; lastKnownFileType = sourcecode.c.objc; path = MapFloorViewController.m; sourceTree = "<group>"; };
		FE5C87F318D634C3009E2CC2 /* MapFloorViewController.h */ = {isa = PBXFileReference; fileEncoding = 4; lastKnownFileType = sourcecode.c.h; path = MapFloorViewController.h; sourceTree = "<group>"; };
		FE5C87F418D634C3009E2CC2 /* HomeViewController.m */ = {isa = PBXFileReference; fileEncoding = 4; lastKnownFileType = sourcecode.c.objc; path = HomeViewController.m; sourceTree = "<group>"; };
		FE5C87F518D634C3009E2CC2 /* HomeViewController.h */ = {isa = PBXFileReference; fileEncoding = 4; lastKnownFileType = sourcecode.c.h; path = HomeViewController.h; sourceTree = "<group>"; };
		FE5C87F618D634C3009E2CC2 /* Home.jpg */ = {isa = PBXFileReference; lastKnownFileType = image.jpeg; path = Home.jpg; sourceTree = "<group>"; };
		FE5C87FF18D64072009E2CC2 /* NavigateTableViewController.h */ = {isa = PBXFileReference; fileEncoding = 4; lastKnownFileType = sourcecode.c.h; path = NavigateTableViewController.h; sourceTree = "<group>"; };
		FE5C880018D64072009E2CC2 /* NavigateTableViewController.m */ = {isa = PBXFileReference; fileEncoding = 4; lastKnownFileType = sourcecode.c.objc; path = NavigateTableViewController.m; sourceTree = "<group>"; };
/* End PBXFileReference section */

/* Begin PBXFrameworksBuildPhase section */
		30E5024B183607E100BCDA41 /* Frameworks */ = {
			isa = PBXFrameworksBuildPhase;
			buildActionMask = 2147483647;
			files = (
				30E50254183607E100BCDA41 /* CoreGraphics.framework in Frameworks */,
				30E50258183607E100BCDA41 /* CoreData.framework in Frameworks */,
				30E50256183607E100BCDA41 /* UIKit.framework in Frameworks */,
				30E50252183607E100BCDA41 /* Foundation.framework in Frameworks */,
			);
			runOnlyForDeploymentPostprocessing = 0;
		};
		30E5026B183607E100BCDA41 /* Frameworks */ = {
			isa = PBXFrameworksBuildPhase;
			buildActionMask = 2147483647;
			files = (
				30E50270183607E100BCDA41 /* XCTest.framework in Frameworks */,
				30E50273183607E100BCDA41 /* CoreData.framework in Frameworks */,
				30E50272183607E100BCDA41 /* UIKit.framework in Frameworks */,
				30E50271183607E100BCDA41 /* Foundation.framework in Frameworks */,
			);
			runOnlyForDeploymentPostprocessing = 0;
		};
/* End PBXFrameworksBuildPhase section */

/* Begin PBXGroup section */
		30E50245183607E100BCDA41 = {
			isa = PBXGroup;
			children = (
				30E50259183607E100BCDA41 /* Adler Navigation */,
				30E50276183607E100BCDA41 /* Adler NavigationTests */,
				30E50250183607E100BCDA41 /* Frameworks */,
				30E5024F183607E100BCDA41 /* Products */,
			);
			sourceTree = "<group>";
		};
		30E5024F183607E100BCDA41 /* Products */ = {
			isa = PBXGroup;
			children = (
				30E5024E183607E100BCDA41 /* Adler Navigation.app */,
				30E5026E183607E100BCDA41 /* Adler NavigationTests.xctest */,
			);
			name = Products;
			sourceTree = "<group>";
		};
		30E50250183607E100BCDA41 /* Frameworks */ = {
			isa = PBXGroup;
			children = (
				30E50251183607E100BCDA41 /* Foundation.framework */,
				30E50253183607E100BCDA41 /* CoreGraphics.framework */,
				30E50255183607E100BCDA41 /* UIKit.framework */,
				30E50257183607E100BCDA41 /* CoreData.framework */,
				30E5026F183607E100BCDA41 /* XCTest.framework */,
			);
			name = Frameworks;
			sourceTree = "<group>";
		};
		30E50259183607E100BCDA41 /* Adler Navigation */ = {
			isa = PBXGroup;
			children = (
				30E50262183607E100BCDA41 /* AppDelegate.h */,
				30E50263183607E100BCDA41 /* AppDelegate.m */,
				FE5C87EA18D634C3009E2CC2 /* EachFloorViewController.m */,
				FE5C87E718D63449009E2CC2 /* EachFloorViewController.h */,
				728C33AA18F3E5BC000EB12C /* ExhibitViewController.h */,
				728C33AB18F3E5BC000EB12C /* ExhibitViewController.m */,
				FE5C87EB18D634C3009E2CC2 /* FloorViewController.m */,
				FE5C87EC18D634C3009E2CC2 /* FloorViewController.h */,
				FE5C87ED18D634C3009E2CC2 /* FacilitiesViewController.m */,
				FE5C87EE18D634C3009E2CC2 /* FacilitiesViewController.h */,
				FE5C87EF18D634C3009E2CC2 /* EachMapViewController.m */,
				FE5C87F118D634C3009E2CC2 /* EachMapViewController.h */,
				FE5C87F218D634C3009E2CC2 /* MapFloorViewController.m */,
				FE5C87F318D634C3009E2CC2 /* MapFloorViewController.h */,
				FE5C87F418D634C3009E2CC2 /* HomeViewController.m */,
				FE5C87F518D634C3009E2CC2 /* HomeViewController.h */,
				FE5C87E618D63449009E2CC2 /* TableViewController.m */,
				FE5C87E818D63449009E2CC2 /* TableViewController.h */,
				FE5C880018D64072009E2CC2 /* NavigateTableViewController.m */,
				FE5C87FF18D64072009E2CC2 /* NavigateTableViewController.h */,
				30E3740918403EAB00996B60 /* MapViewController.h */,
				30E3740A18403EAB00996B60 /* MapViewController.m */,
				30E374141858464500996B60 /* PriorityQueue.h */,
				30E374151858464500996B60 /* PriorityQueue.m */,
				728FD49F18D0F66D0073C43F /* comparable.h */,
				B6D85FAE184FC4B9002B33BF /* Main.storyboard */,
				30E502861836080B00BCDA41 /* Model */,
				30E5025A183607E100BCDA41 /* Supporting Files */,
				30E50265183607E100BCDA41 /* Adler_Navigation.xcdatamodeld */,
				30E50268183607E100BCDA41 /* Images.xcassets */,
			);
			path = "Adler Navigation";
			sourceTree = "<group>";
		};
		30E5025A183607E100BCDA41 /* Supporting Files */ = {
			isa = PBXGroup;
			children = (
				727A22F018F0BA36005DF50E /* Exhibit Data */,
				727A22EF18F0BA31005DF50E /* Map Data */,
				FE5C87F618D634C3009E2CC2 /* Home.jpg */,
				30E5025F183607E100BCDA41 /* main.m */,
				30E5025C183607E100BCDA41 /* InfoPlist.strings */,
				30E5025B183607E100BCDA41 /* Adler Navigation-Info.plist */,
				30E50261183607E100BCDA41 /* Adler Navigation-Prefix.pch */,
			);
			name = "Supporting Files";
			sourceTree = "<group>";
		};
		30E50276183607E100BCDA41 /* Adler NavigationTests */ = {
			isa = PBXGroup;
			children = (
				725F0C6018D6B485003D8FD5 /* PriorityQueueTests.m */,
				30D1C674183DD41F00E71EDD /* MapGraphTests.m */,
				30E3740C18408BCC00996B60 /* MapViewControllerTests.m */,
				30E5027C183607E100BCDA41 /* Adler_NavigationTests.m */,
				30E50277183607E100BCDA41 /* Supporting Files */,
			);
			path = "Adler NavigationTests";
			sourceTree = "<group>";
		};
		30E50277183607E100BCDA41 /* Supporting Files */ = {
			isa = PBXGroup;
			children = (
				30E50278183607E100BCDA41 /* Adler NavigationTests-Info.plist */,
				30E50279183607E100BCDA41 /* InfoPlist.strings */,
			);
			name = "Supporting Files";
			sourceTree = "<group>";
		};
		30E502861836080B00BCDA41 /* Model */ = {
			isa = PBXGroup;
			children = (
				30E502901836222000BCDA41 /* Edge.h */,
				30E502911836222000BCDA41 /* Edge.m */,
				30E502871836084000BCDA41 /* Node.h */,
				30E502881836084000BCDA41 /* Node.m */,
				30E502931836263100BCDA41 /* MapGraph.h */,
				30E502941836263100BCDA41 /* MapGraph.m */,
				727A228318F092ED005DF50E /* Exhibit.h */,
				727A228418F092ED005DF50E /* Exhibit.m */,
			);
			name = Model;
			sourceTree = "<group>";
		};
		727A22EF18F0BA31005DF50E /* Map Data */ = {
			isa = PBXGroup;
			children = (
				728C340E18F3F942000EB12C /* lower_new.plist */,
				728C340F18F3F942000EB12C /* lower_paths.pdf */,
				728C341018F3F942000EB12C /* lower.pdf */,
				728C341118F3F942000EB12C /* lower.plist */,
				728C341218F3F942000EB12C /* map_data_all.plist */,
				728C341318F3F942000EB12C /* mid_new.plist */,
				728C341418F3F942000EB12C /* mid_paths.pdf */,
				728C341518F3F942000EB12C /* mid.pdf */,
				728C341618F3F942000EB12C /* mid.plist */,
				728C341718F3F942000EB12C /* star_new.plist */,
				728C341818F3F942000EB12C /* star_paths.pdf */,
				728C341918F3F942000EB12C /* star.pdf */,
				728C341A18F3F942000EB12C /* star.plist */,
				728C341B18F3F942000EB12C /* top_new.plist */,
				728C341C18F3F942000EB12C /* top_paths.pdf */,
				728C341D18F3F942000EB12C /* top.pdf */,
				728C341E18F3F942000EB12C /* top.plist */,
				728C341F18F3F942000EB12C /* top.png */,
			);
			name = "Map Data";
			sourceTree = "<group>";
		};
		727A22F018F0BA36005DF50E /* Exhibit Data */ = {
			isa = PBXGroup;
			children = (
				728C33AD18F3F92B000EB12C /* AstronomyInCulture */,
				728C33B118F3F92B000EB12C /* ClarkFamilyWelcomeGallery */,
				728C33B518F3F92B000EB12C /* Cyberspace */,
				728C33B918F3F92B000EB12C /* HiddenWonders */,
				728C33BD18F3F92B000EB12C /* HistoricAtwoodSphere */,
				728C33C118F3F92B000EB12C /* OurSolarSystem */,
				728C33CB18F3F92B000EB12C /* PlanetExplorers */,
				728C33CF18F3F92B000EB12C /* ShootForTheMoon */,
				728C33D318F3F92B000EB12C /* Sundials */,
				728C33DB18F3F92B000EB12C /* Telescopes */,
				728C33DF18F3F92B000EB12C /* TheUniverse */,
			);
			name = "Exhibit Data";
			sourceTree = "<group>";
		};
		728C33AD18F3F92B000EB12C /* AstronomyInCulture */ = {
			isa = PBXGroup;
			children = (
				728C33AE18F3F92B000EB12C /* img0.jpg */,
				728C33AF18F3F92B000EB12C /* long_description.txt */,
				728C33B018F3F92B000EB12C /* short_description.txt */,
			);
			name = AstronomyInCulture;
			path = Exhibit_Data/AstronomyInCulture;
			sourceTree = "<group>";
		};
		728C33B118F3F92B000EB12C /* ClarkFamilyWelcomeGallery */ = {
			isa = PBXGroup;
			children = (
				728C33B218F3F92B000EB12C /* img0.jpg */,
				728C33B318F3F92B000EB12C /* long_description.txt */,
				728C33B418F3F92B000EB12C /* short_description.txt */,
			);
			name = ClarkFamilyWelcomeGallery;
			path = Exhibit_Data/ClarkFamilyWelcomeGallery;
			sourceTree = "<group>";
		};
		728C33B518F3F92B000EB12C /* Cyberspace */ = {
			isa = PBXGroup;
			children = (
				728C33B618F3F92B000EB12C /* img0.jpg */,
				728C33B718F3F92B000EB12C /* long_description.txt */,
				728C33B818F3F92B000EB12C /* short_description.txt */,
			);
			name = Cyberspace;
			path = Exhibit_Data/Cyberspace;
			sourceTree = "<group>";
		};
		728C33B918F3F92B000EB12C /* HiddenWonders */ = {
			isa = PBXGroup;
			children = (
				728C33BA18F3F92B000EB12C /* img0.jpg */,
				728C33BB18F3F92B000EB12C /* long_description.txt */,
				728C33BC18F3F92B000EB12C /* short_description.txt */,
			);
			name = HiddenWonders;
			path = Exhibit_Data/HiddenWonders;
			sourceTree = "<group>";
		};
		728C33BD18F3F92B000EB12C /* HistoricAtwoodSphere */ = {
			isa = PBXGroup;
			children = (
				728C33BE18F3F92B000EB12C /* img0.png */,
				728C33BF18F3F92B000EB12C /* long_description.txt */,
				728C33C018F3F92B000EB12C /* short_description.txt */,
			);
			name = HistoricAtwoodSphere;
			path = Exhibit_Data/HistoricAtwoodSphere;
			sourceTree = "<group>";
		};
		728C33C118F3F92B000EB12C /* OurSolarSystem */ = {
			isa = PBXGroup;
			children = (
				728C33C218F3F92B000EB12C /* img0.png */,
				728C33C318F3F92B000EB12C /* img1.jpg */,
				728C33C418F3F92B000EB12C /* img2.jpg */,
				728C33C518F3F92B000EB12C /* img3.jpg */,
				728C33C618F3F92B000EB12C /* img4.jpg */,
				728C33C718F3F92B000EB12C /* img5.jpg */,
				728C33C818F3F92B000EB12C /* img6.jpg */,
				728C33C918F3F92B000EB12C /* long_description.txt */,
				728C33CA18F3F92B000EB12C /* short_description.txt */,
			);
			name = OurSolarSystem;
			path = Exhibit_Data/OurSolarSystem;
			sourceTree = "<group>";
		};
		728C33CB18F3F92B000EB12C /* PlanetExplorers */ = {
			isa = PBXGroup;
			children = (
				728C33CC18F3F92B000EB12C /* img0.png */,
				728C33CD18F3F92B000EB12C /* long_description.txt */,
				728C33CE18F3F92B000EB12C /* short_description.txt */,
			);
			name = PlanetExplorers;
			path = Exhibit_Data/PlanetExplorers;
			sourceTree = "<group>";
		};
		728C33CF18F3F92B000EB12C /* ShootForTheMoon */ = {
			isa = PBXGroup;
			children = (
				728C33D018F3F92B000EB12C /* img0.png */,
				728C33D118F3F92B000EB12C /* long_description.txt */,
				728C33D218F3F92B000EB12C /* short_description.txt */,
			);
			name = ShootForTheMoon;
			path = Exhibit_Data/ShootForTheMoon;
			sourceTree = "<group>";
		};
		728C33D318F3F92B000EB12C /* Sundials */ = {
			isa = PBXGroup;
			children = (
				728C33D418F3F92B000EB12C /* img0.jpg */,
				728C33D518F3F92B000EB12C /* img1.jpg */,
				728C33D618F3F92B000EB12C /* img2.jpg */,
				728C33D718F3F92B000EB12C /* img3.jpg */,
				728C33D818F3F92B000EB12C /* img4.jpg */,
				728C33D918F3F92B000EB12C /* long_description.txt */,
				728C33DA18F3F92B000EB12C /* short_description.txt */,
			);
			name = Sundials;
			path = Exhibit_Data/Sundials;
			sourceTree = "<group>";
		};
		728C33DB18F3F92B000EB12C /* Telescopes */ = {
			isa = PBXGroup;
			children = (
				728C33DC18F3F92B000EB12C /* img0.png */,
				728C33DD18F3F92B000EB12C /* long_description.txt */,
				728C33DE18F3F92B000EB12C /* short_description.txt */,
			);
			name = Telescopes;
			path = Exhibit_Data/Telescopes;
			sourceTree = "<group>";
		};
		728C33DF18F3F92B000EB12C /* TheUniverse */ = {
			isa = PBXGroup;
			children = (
				728C33E018F3F92B000EB12C /* img0.png */,
				728C33E118F3F92B000EB12C /* long_description.txt */,
				728C33E218F3F92B000EB12C /* short_description.txt */,
			);
			name = TheUniverse;
			path = Exhibit_Data/TheUniverse;
			sourceTree = "<group>";
		};
/* End PBXGroup section */

/* Begin PBXNativeTarget section */
		30E5024D183607E100BCDA41 /* Adler Navigation */ = {
			isa = PBXNativeTarget;
			buildConfigurationList = 30E50280183607E100BCDA41 /* Build configuration list for PBXNativeTarget "Adler Navigation" */;
			buildPhases = (
				30E5024A183607E100BCDA41 /* Sources */,
				30E5024B183607E100BCDA41 /* Frameworks */,
				30E5024C183607E100BCDA41 /* Resources */,
			);
			buildRules = (
			);
			dependencies = (
			);
			name = "Adler Navigation";
			productName = "Adler Navigation";
			productReference = 30E5024E183607E100BCDA41 /* Adler Navigation.app */;
			productType = "com.apple.product-type.application";
		};
		30E5026D183607E100BCDA41 /* Adler NavigationTests */ = {
			isa = PBXNativeTarget;
			buildConfigurationList = 30E50283183607E100BCDA41 /* Build configuration list for PBXNativeTarget "Adler NavigationTests" */;
			buildPhases = (
				30E5026A183607E100BCDA41 /* Sources */,
				30E5026B183607E100BCDA41 /* Frameworks */,
				30E5026C183607E100BCDA41 /* Resources */,
			);
			buildRules = (
			);
			dependencies = (
				30E50275183607E100BCDA41 /* PBXTargetDependency */,
			);
			name = "Adler NavigationTests";
			productName = "Adler NavigationTests";
			productReference = 30E5026E183607E100BCDA41 /* Adler NavigationTests.xctest */;
			productType = "com.apple.product-type.bundle.unit-test";
		};
/* End PBXNativeTarget section */

/* Begin PBXProject section */
		30E50246183607E100BCDA41 /* Project object */ = {
			isa = PBXProject;
			attributes = {
				LastUpgradeCheck = 0510;
				ORGANIZATIONNAME = "Adler Planetarium";
				TargetAttributes = {
					30E5026D183607E100BCDA41 = {
						TestTargetID = 30E5024D183607E100BCDA41;
					};
				};
			};
			buildConfigurationList = 30E50249183607E100BCDA41 /* Build configuration list for PBXProject "Adler Navigation" */;
			compatibilityVersion = "Xcode 3.2";
			developmentRegion = English;
			hasScannedForEncodings = 0;
			knownRegions = (
				en,
			);
			mainGroup = 30E50245183607E100BCDA41;
			productRefGroup = 30E5024F183607E100BCDA41 /* Products */;
			projectDirPath = "";
			projectRoot = "";
			targets = (
				30E5024D183607E100BCDA41 /* Adler Navigation */,
				30E5026D183607E100BCDA41 /* Adler NavigationTests */,
			);
		};
/* End PBXProject section */

/* Begin PBXResourcesBuildPhase section */
		30E5024C183607E100BCDA41 /* Resources */ = {
			isa = PBXResourcesBuildPhase;
			buildActionMask = 2147483647;
			files = (
				728C33F718F3F92B000EB12C /* img5.jpg in Resources */,
				30E5025E183607E100BCDA41 /* InfoPlist.strings in Resources */,
				728C33E818F3F92B000EB12C /* short_description.txt in Resources */,
				728C342B18F3F942000EB12C /* star.pdf in Resources */,
				728C33F918F3F92B000EB12C /* long_description.txt in Resources */,
				728C340018F3F92B000EB12C /* short_description.txt in Resources */,
				728C342818F3F942000EB12C /* mid.plist in Resources */,
				728C340518F3F92B000EB12C /* img4.jpg in Resources */,
				728C33EC18F3F92B000EB12C /* img0.jpg in Resources */,
				728C340718F3F92B000EB12C /* short_description.txt in Resources */,
				728C342918F3F942000EB12C /* star_new.plist in Resources */,
				728C340918F3F92B000EB12C /* long_description.txt in Resources */,
				728C33F418F3F92B000EB12C /* img2.jpg in Resources */,
				728C33E718F3F92B000EB12C /* long_description.txt in Resources */,
				FE5C87FE18D634C3009E2CC2 /* Home.jpg in Resources */,
				B6D85FAF184FC4B9002B33BF /* Main.storyboard in Resources */,
				728C33F218F3F92B000EB12C /* img0.png in Resources */,
				728C33FE18F3F92B000EB12C /* img0.png in Resources */,
				728C340C18F3F92B000EB12C /* long_description.txt in Resources */,
				728C342518F3F942000EB12C /* mid_new.plist in Resources */,
				728C33FD18F3F92B000EB12C /* short_description.txt in Resources */,
				728C33F018F3F92B000EB12C /* long_description.txt in Resources */,
				728C33FA18F3F92B000EB12C /* short_description.txt in Resources */,
				728C340118F3F92B000EB12C /* img0.jpg in Resources */,
				728C342D18F3F942000EB12C /* top_new.plist in Resources */,
				728C33F318F3F92B000EB12C /* img1.jpg in Resources */,
				728C33E518F3F92B000EB12C /* short_description.txt in Resources */,
				728C33FF18F3F92B000EB12C /* long_description.txt in Resources */,
				728C342418F3F942000EB12C /* map_data_all.plist in Resources */,
				728C340D18F3F92B000EB12C /* short_description.txt in Resources */,
				728C33E418F3F92B000EB12C /* long_description.txt in Resources */,
				728C340418F3F92B000EB12C /* img3.jpg in Resources */,
				728C340318F3F92B000EB12C /* img2.jpg in Resources */,
				728C342F18F3F942000EB12C /* top.pdf in Resources */,
				728C342018F3F942000EB12C /* lower_new.plist in Resources */,
				728C33F118F3F92B000EB12C /* short_description.txt in Resources */,
				728C342C18F3F942000EB12C /* star.plist in Resources */,
				728C33F818F3F92B000EB12C /* img6.jpg in Resources */,
				728C342218F3F942000EB12C /* lower.pdf in Resources */,
				728C33EE18F3F92B000EB12C /* short_description.txt in Resources */,
				728C33EA18F3F92B000EB12C /* long_description.txt in Resources */,
				728C342118F3F942000EB12C /* lower_paths.pdf in Resources */,
				728C342718F3F942000EB12C /* mid.pdf in Resources */,
				728C343118F3F942000EB12C /* top.png in Resources */,
				728C33F618F3F92B000EB12C /* img4.jpg in Resources */,
				728C33FB18F3F92B000EB12C /* img0.png in Resources */,
				728C342618F3F942000EB12C /* mid_paths.pdf in Resources */,
				728C33F518F3F92B000EB12C /* img3.jpg in Resources */,
				728C340B18F3F92B000EB12C /* img0.png in Resources */,
				728C33FC18F3F92B000EB12C /* long_description.txt in Resources */,
				728C342A18F3F942000EB12C /* star_paths.pdf in Resources */,
				728C33EB18F3F92B000EB12C /* short_description.txt in Resources */,
				728C33EF18F3F92B000EB12C /* img0.png in Resources */,
				30E50269183607E100BCDA41 /* Images.xcassets in Resources */,
				728C33ED18F3F92B000EB12C /* long_description.txt in Resources */,
				728C343018F3F942000EB12C /* top.plist in Resources */,
				728C340A18F3F92B000EB12C /* short_description.txt in Resources */,
				728C340218F3F92B000EB12C /* img1.jpg in Resources */,
				728C342E18F3F942000EB12C /* top_paths.pdf in Resources */,
				728C33E918F3F92B000EB12C /* img0.jpg in Resources */,
				728C340818F3F92B000EB12C /* img0.png in Resources */,
				728C340618F3F92B000EB12C /* long_description.txt in Resources */,
				728C342318F3F942000EB12C /* lower.plist in Resources */,
				728C33E618F3F92B000EB12C /* img0.jpg in Resources */,
				728C33E318F3F92B000EB12C /* img0.jpg in Resources */,
			);
			runOnlyForDeploymentPostprocessing = 0;
		};
		30E5026C183607E100BCDA41 /* Resources */ = {
			isa = PBXResourcesBuildPhase;
			buildActionMask = 2147483647;
			files = (
				30E5027B183607E100BCDA41 /* InfoPlist.strings in Resources */,
			);
			runOnlyForDeploymentPostprocessing = 0;
		};
/* End PBXResourcesBuildPhase section */

/* Begin PBXSourcesBuildPhase section */
		30E5024A183607E100BCDA41 /* Sources */ = {
			isa = PBXSourcesBuildPhase;
			buildActionMask = 2147483647;
			files = (
				FE5C87F718D634C3009E2CC2 /* EachFloorViewController.m in Sources */,
				30E50264183607E100BCDA41 /* AppDelegate.m in Sources */,
				30E50260183607E100BCDA41 /* main.m in Sources */,
				30E374161858464500996B60 /* PriorityQueue.m in Sources */,
				FE5C87FC18D634C3009E2CC2 /* MapFloorViewController.m in Sources */,
				30E50267183607E100BCDA41 /* Adler_Navigation.xcdatamodeld in Sources */,
				FE5C87E918D63449009E2CC2 /* TableViewController.m in Sources */,
				30E502921836222000BCDA41 /* Edge.m in Sources */,
				FE5C87FD18D634C3009E2CC2 /* HomeViewController.m in Sources */,
				FE5C87FA18D634C3009E2CC2 /* EachMapViewController.m in Sources */,
				30E502951836263100BCDA41 /* MapGraph.m in Sources */,
				30E3740B18403EAB00996B60 /* MapViewController.m in Sources */,
				728C33AC18F3E5BC000EB12C /* ExhibitViewController.m in Sources */,
				FE5C87F918D634C3009E2CC2 /* FacilitiesViewController.m in Sources */,
				30E502891836084000BCDA41 /* Node.m in Sources */,
				FE5C880118D64072009E2CC2 /* NavigateTableViewController.m in Sources */,
				727A228518F092ED005DF50E /* Exhibit.m in Sources */,
				FE5C87F818D634C3009E2CC2 /* FloorViewController.m in Sources */,
			);
			runOnlyForDeploymentPostprocessing = 0;
		};
		30E5026A183607E100BCDA41 /* Sources */ = {
			isa = PBXSourcesBuildPhase;
			buildActionMask = 2147483647;
			files = (
				30E5027D183607E100BCDA41 /* Adler_NavigationTests.m in Sources */,
				725F0C5F18D663D9003D8FD5 /* (null) in Sources */,
				30E3740D18408BCC00996B60 /* MapViewControllerTests.m in Sources */,
				30D1C675183DD41F00E71EDD /* MapGraphTests.m in Sources */,
				725F0C6118D6B485003D8FD5 /* PriorityQueueTests.m in Sources */,
			);
			runOnlyForDeploymentPostprocessing = 0;
		};
/* End PBXSourcesBuildPhase section */

/* Begin PBXTargetDependency section */
		30E50275183607E100BCDA41 /* PBXTargetDependency */ = {
			isa = PBXTargetDependency;
			target = 30E5024D183607E100BCDA41 /* Adler Navigation */;
			targetProxy = 30E50274183607E100BCDA41 /* PBXContainerItemProxy */;
		};
/* End PBXTargetDependency section */

/* Begin PBXVariantGroup section */
		30E5025C183607E100BCDA41 /* InfoPlist.strings */ = {
			isa = PBXVariantGroup;
			children = (
				30E5025D183607E100BCDA41 /* en */,
			);
			name = InfoPlist.strings;
			sourceTree = "<group>";
		};
		30E50279183607E100BCDA41 /* InfoPlist.strings */ = {
			isa = PBXVariantGroup;
			children = (
				30E5027A183607E100BCDA41 /* en */,
			);
			name = InfoPlist.strings;
			sourceTree = "<group>";
		};
/* End PBXVariantGroup section */

/* Begin XCBuildConfiguration section */
		30E5027E183607E100BCDA41 /* Debug */ = {
			isa = XCBuildConfiguration;
			buildSettings = {
				ALWAYS_SEARCH_USER_PATHS = NO;
				CLANG_CXX_LANGUAGE_STANDARD = "gnu++0x";
				CLANG_CXX_LIBRARY = "libc++";
				CLANG_ENABLE_MODULES = YES;
				CLANG_ENABLE_OBJC_ARC = YES;
				CLANG_WARN_BOOL_CONVERSION = YES;
				CLANG_WARN_CONSTANT_CONVERSION = YES;
				CLANG_WARN_DIRECT_OBJC_ISA_USAGE = YES_ERROR;
				CLANG_WARN_EMPTY_BODY = YES;
				CLANG_WARN_ENUM_CONVERSION = YES;
				CLANG_WARN_INT_CONVERSION = YES;
				CLANG_WARN_OBJC_ROOT_CLASS = YES_ERROR;
				CLANG_WARN__DUPLICATE_METHOD_MATCH = YES;
				"CODE_SIGN_IDENTITY[sdk=iphoneos*]" = "iPhone Developer";
				COPY_PHASE_STRIP = NO;
				GCC_C_LANGUAGE_STANDARD = gnu99;
				GCC_DYNAMIC_NO_PIC = NO;
				GCC_OPTIMIZATION_LEVEL = 0;
				GCC_PREPROCESSOR_DEFINITIONS = (
					"DEBUG=1",
					"$(inherited)",
				);
				GCC_SYMBOLS_PRIVATE_EXTERN = NO;
				GCC_WARN_64_TO_32_BIT_CONVERSION = YES;
				GCC_WARN_ABOUT_RETURN_TYPE = YES_ERROR;
				GCC_WARN_UNDECLARED_SELECTOR = YES;
				GCC_WARN_UNINITIALIZED_AUTOS = YES;
				GCC_WARN_UNUSED_FUNCTION = YES;
				GCC_WARN_UNUSED_VARIABLE = YES;
				IPHONEOS_DEPLOYMENT_TARGET = 7.0;
				ONLY_ACTIVE_ARCH = YES;
				SDKROOT = iphoneos;
			};
			name = Debug;
		};
		30E5027F183607E100BCDA41 /* Release */ = {
			isa = XCBuildConfiguration;
			buildSettings = {
				ALWAYS_SEARCH_USER_PATHS = NO;
				CLANG_CXX_LANGUAGE_STANDARD = "gnu++0x";
				CLANG_CXX_LIBRARY = "libc++";
				CLANG_ENABLE_MODULES = YES;
				CLANG_ENABLE_OBJC_ARC = YES;
				CLANG_WARN_BOOL_CONVERSION = YES;
				CLANG_WARN_CONSTANT_CONVERSION = YES;
				CLANG_WARN_DIRECT_OBJC_ISA_USAGE = YES_ERROR;
				CLANG_WARN_EMPTY_BODY = YES;
				CLANG_WARN_ENUM_CONVERSION = YES;
				CLANG_WARN_INT_CONVERSION = YES;
				CLANG_WARN_OBJC_ROOT_CLASS = YES_ERROR;
				CLANG_WARN__DUPLICATE_METHOD_MATCH = YES;
				"CODE_SIGN_IDENTITY[sdk=iphoneos*]" = "iPhone Developer";
				COPY_PHASE_STRIP = YES;
				ENABLE_NS_ASSERTIONS = NO;
				GCC_C_LANGUAGE_STANDARD = gnu99;
				GCC_WARN_64_TO_32_BIT_CONVERSION = YES;
				GCC_WARN_ABOUT_RETURN_TYPE = YES_ERROR;
				GCC_WARN_UNDECLARED_SELECTOR = YES;
				GCC_WARN_UNINITIALIZED_AUTOS = YES;
				GCC_WARN_UNUSED_FUNCTION = YES;
				GCC_WARN_UNUSED_VARIABLE = YES;
				IPHONEOS_DEPLOYMENT_TARGET = 7.0;
				SDKROOT = iphoneos;
				VALIDATE_PRODUCT = YES;
			};
			name = Release;
		};
		30E50281183607E100BCDA41 /* Debug */ = {
			isa = XCBuildConfiguration;
			buildSettings = {
				ASSETCATALOG_COMPILER_APPICON_NAME = AppIcon;
				ASSETCATALOG_COMPILER_LAUNCHIMAGE_NAME = LaunchImage;
				GCC_PRECOMPILE_PREFIX_HEADER = YES;
				GCC_PREFIX_HEADER = "Adler Navigation/Adler Navigation-Prefix.pch";
				INFOPLIST_FILE = "Adler Navigation/Adler Navigation-Info.plist";
				PRODUCT_NAME = "$(TARGET_NAME)";
				WRAPPER_EXTENSION = app;
			};
			name = Debug;
		};
		30E50282183607E100BCDA41 /* Release */ = {
			isa = XCBuildConfiguration;
			buildSettings = {
				ASSETCATALOG_COMPILER_APPICON_NAME = AppIcon;
				ASSETCATALOG_COMPILER_LAUNCHIMAGE_NAME = LaunchImage;
				GCC_PRECOMPILE_PREFIX_HEADER = YES;
				GCC_PREFIX_HEADER = "Adler Navigation/Adler Navigation-Prefix.pch";
				INFOPLIST_FILE = "Adler Navigation/Adler Navigation-Info.plist";
				PRODUCT_NAME = "$(TARGET_NAME)";
				WRAPPER_EXTENSION = app;
			};
			name = Release;
		};
		30E50284183607E100BCDA41 /* Debug */ = {
			isa = XCBuildConfiguration;
			buildSettings = {
				BUNDLE_LOADER = "$(BUILT_PRODUCTS_DIR)/Adler Navigation.app/Adler Navigation";
				FRAMEWORK_SEARCH_PATHS = (
					"$(SDKROOT)/Developer/Library/Frameworks",
					"$(inherited)",
					"$(DEVELOPER_FRAMEWORKS_DIR)",
				);
				GCC_PRECOMPILE_PREFIX_HEADER = YES;
				GCC_PREFIX_HEADER = "Adler Navigation/Adler Navigation-Prefix.pch";
				GCC_PREPROCESSOR_DEFINITIONS = (
					"DEBUG=1",
					"$(inherited)",
				);
				INFOPLIST_FILE = "Adler NavigationTests/Adler NavigationTests-Info.plist";
				PRODUCT_NAME = "$(TARGET_NAME)";
				TEST_HOST = "$(BUNDLE_LOADER)";
				WRAPPER_EXTENSION = xctest;
			};
			name = Debug;
		};
		30E50285183607E100BCDA41 /* Release */ = {
			isa = XCBuildConfiguration;
			buildSettings = {
				BUNDLE_LOADER = "$(BUILT_PRODUCTS_DIR)/Adler Navigation.app/Adler Navigation";
				FRAMEWORK_SEARCH_PATHS = (
					"$(SDKROOT)/Developer/Library/Frameworks",
					"$(inherited)",
					"$(DEVELOPER_FRAMEWORKS_DIR)",
				);
				GCC_PRECOMPILE_PREFIX_HEADER = YES;
				GCC_PREFIX_HEADER = "Adler Navigation/Adler Navigation-Prefix.pch";
				INFOPLIST_FILE = "Adler NavigationTests/Adler NavigationTests-Info.plist";
				PRODUCT_NAME = "$(TARGET_NAME)";
				TEST_HOST = "$(BUNDLE_LOADER)";
				WRAPPER_EXTENSION = xctest;
			};
			name = Release;
		};
/* End XCBuildConfiguration section */

/* Begin XCConfigurationList section */
		30E50249183607E100BCDA41 /* Build configuration list for PBXProject "Adler Navigation" */ = {
			isa = XCConfigurationList;
			buildConfigurations = (
				30E5027E183607E100BCDA41 /* Debug */,
				30E5027F183607E100BCDA41 /* Release */,
			);
			defaultConfigurationIsVisible = 0;
			defaultConfigurationName = Release;
		};
		30E50280183607E100BCDA41 /* Build configuration list for PBXNativeTarget "Adler Navigation" */ = {
			isa = XCConfigurationList;
			buildConfigurations = (
				30E50281183607E100BCDA41 /* Debug */,
				30E50282183607E100BCDA41 /* Release */,
			);
			defaultConfigurationIsVisible = 0;
			defaultConfigurationName = Release;
		};
		30E50283183607E100BCDA41 /* Build configuration list for PBXNativeTarget "Adler NavigationTests" */ = {
			isa = XCConfigurationList;
			buildConfigurations = (
				30E50284183607E100BCDA41 /* Debug */,
				30E50285183607E100BCDA41 /* Release */,
			);
			defaultConfigurationIsVisible = 0;
			defaultConfigurationName = Release;
		};
/* End XCConfigurationList section */

/* Begin XCVersionGroup section */
		30E50265183607E100BCDA41 /* Adler_Navigation.xcdatamodeld */ = {
			isa = XCVersionGroup;
			children = (
				30E50266183607E100BCDA41 /* Adler_Navigation.xcdatamodel */,
			);
			currentVersion = 30E50266183607E100BCDA41 /* Adler_Navigation.xcdatamodel */;
			path = Adler_Navigation.xcdatamodeld;
			sourceTree = "<group>";
			versionGroupType = wrapper.xcdatamodel;
		};
/* End XCVersionGroup section */
	};
	rootObject = 30E50246183607E100BCDA41 /* Project object */;
}
